
Microsoft Visual Studio Solution File, Format Version 12.00
# Visual Studio 14
VisualStudioVersion = 14.0.25123.0
MinimumVisualStudioVersion = 10.0.40219.1
Project("{FAE04EC0-301F-11D3-BF4B-00C04F79EFBC}") = "vip_sharp", "vip_sharp\vip_sharp.csproj", "{67DEF313-0E00-43D4-9D31-600B5FD57708}"
EndProject
Project("{FAE04EC0-301F-11D3-BF4B-00C04F79EFBC}") = "tests", "tests\tests.csproj", "{B09D0965-2B9B-4995-8523-404D8FB4640D}"
EndProject
Project("{2150E333-8FDC-42A3-9474-1A3956D46DE8}") = "Solution Items", "Solution Items", "{9F08CE13-5CB2-4690-936A-E6B11B3F015D}"
	ProjectSection(SolutionItems) = preProject
		Performance1.psess = Performance1.psess
	EndProjectSection
EndProject
Global
	GlobalSection(Performance) = preSolution
		HasPerformanceSessions = true
	EndGlobalSection
	GlobalSection(SolutionConfigurationPlatforms) = preSolution
		Debug|Any CPU = Debug|Any CPU
		Release|Any CPU = Release|Any CPU
	EndGlobalSection
	GlobalSection(ProjectConfigurationPlatforms) = postSolution
		{67DEF313-0E00-43D4-9D31-600B5FD57708}.Debug|Any CPU.ActiveCfg = Debug|Any CPU
		{67DEF313-0E00-43D4-9D31-600B5FD57708}.Debug|Any CPU.Build.0 = Debug|Any CPU
		{67DEF313-0E00-43D4-9D31-600B5FD57708}.Release|Any CPU.ActiveCfg = Release|Any CPU
		{67DEF313-0E00-43D4-9D31-600B5FD57708}.Release|Any CPU.Build.0 = Release|Any CPU
		{B09D0965-2B9B-4995-8523-404D8FB4640D}.Debug|Any CPU.ActiveCfg = Debug|Any CPU
		{B09D0965-2B9B-4995-8523-404D8FB4640D}.Release|Any CPU.ActiveCfg = Release|Any CPU
		{B09D0965-2B9B-4995-8523-404D8FB4640D}.Release|Any CPU.Build.0 = Release|Any CPU
	EndGlobalSection
	GlobalSection(SolutionProperties) = preSolution
		HideSolutionNode = FALSE
	EndGlobalSection
EndGlobal
